
Microsoft Visual Studio Solution File, Format Version 11.00
# Visual Studio 2010
Project("{8BC9CEB8-8B4A-11D0-8D11-00A0C91BC942}") = "msort", "msort.vcxproj", "{ADCCB92F-ACB7-4883-89DC-A55E59C902E8}"
EndProject
Global
	GlobalSection(SolutionConfigurationPlatforms) = preSolution
		Debug|Win32 = Debug|Win32
		Release|Win32 = Release|Win32
	EndGlobalSection
	GlobalSection(ProjectConfigurationPlatforms) = postSolution
		{ADCCB92F-ACB7-4883-89DC-A55E59C902E8}.Debug|Win32.ActiveCfg = Debug|Win32
		{ADCCB92F-ACB7-4883-89DC-A55E59C902E8}.Debug|Win32.Build.0 = Debug|Win32
		{ADCCB92F-ACB7-4883-89DC-A55E59C902E8}.Release|Win32.ActiveCfg = Release|Win32
		{ADCCB92F-ACB7-4883-89DC-A55E59C902E8}.Release|Win32.Build.0 = Release|Win32
	EndGlobalSection
	GlobalSection(SolutionProperties) = preSolution
		HideSolutionNode = FALSE
	EndGlobalSection
EndGlobal
