
Microsoft Visual Studio Solution File, Format Version 11.00
# Visual Studio 2010
Project("{8BC9CEB8-8B4A-11D0-8D11-00A0C91BC942}") = "01", "01.vcxproj", "{49676D23-0242-42F7-A22E-5115A3879A88}"
EndProject
Global
	GlobalSection(SolutionConfigurationPlatforms) = preSolution
		Debug|Win32 = Debug|Win32
		Release|Win32 = Release|Win32
	EndGlobalSection
	GlobalSection(ProjectConfigurationPlatforms) = postSolution
		{49676D23-0242-42F7-A22E-5115A3879A88}.Debug|Win32.ActiveCfg = Debug|Win32
		{49676D23-0242-42F7-A22E-5115A3879A88}.Debug|Win32.Build.0 = Debug|Win32
		{49676D23-0242-42F7-A22E-5115A3879A88}.Release|Win32.ActiveCfg = Release|Win32
		{49676D23-0242-42F7-A22E-5115A3879A88}.Release|Win32.Build.0 = Release|Win32
	EndGlobalSection
	GlobalSection(SolutionProperties) = preSolution
		HideSolutionNode = FALSE
	EndGlobalSection
EndGlobal
